
Microsoft Visual Studio Solution File, Format Version 12.00
# Visual Studio Version 17
VisualStudioVersion = 17.12.35707.178
MinimumVisualStudioVersion = 10.0.40219.1
Project("{2150E333-8FDC-42A3-9474-1A3956D46DE8}") = "src", "src", "{FABC52E6-B448-4E78-B723-F61F053CD492}"
EndProject
Project("{FAE04EC0-301F-11D3-BF4B-00C04F79EFBC}") = "Domain", "src\Domain\Domain.csproj", "{37A69BB0-81C1-4724-92F3-6BE2F8E6A56C}"
EndProject
Project("{FAE04EC0-301F-11D3-BF4B-00C04F79EFBC}") = "Infrastructure", "src\Infrastructure\Infrastructure.csproj", "{9F19CE68-19F9-4F76-A418-050BF68E12D9}"
EndProject
Project("{FAE04EC0-301F-11D3-BF4B-00C04F79EFBC}") = "Application", "src\Application\Application.csproj", "{6EBBDA55-A55D-4154-89CF-637DAB38FFCF}"
EndProject
Project("{FAE04EC0-301F-11D3-BF4B-00C04F79EFBC}") = "CrossCutting", "src\CrossCutting\CrossCutting.csproj", "{22E6AF87-0FD6-4F56-96FA-6630594ECD8E}"
EndProject
Project("{FAE04EC0-301F-11D3-BF4B-00C04F79EFBC}") = "API", "src\API\API.csproj", "{517DEBAA-B9EA-45A7-93F7-C08FED07BDA3}"
EndProject
Global
	GlobalSection(SolutionConfigurationPlatforms) = preSolution
		Debug|Any CPU = Debug|Any CPU
		Release|Any CPU = Release|Any CPU
	EndGlobalSection
	GlobalSection(ProjectConfigurationPlatforms) = postSolution
		{37A69BB0-81C1-4724-92F3-6BE2F8E6A56C}.Debug|Any CPU.ActiveCfg = Debug|Any CPU
		{37A69BB0-81C1-4724-92F3-6BE2F8E6A56C}.Debug|Any CPU.Build.0 = Debug|Any CPU
		{37A69BB0-81C1-4724-92F3-6BE2F8E6A56C}.Release|Any CPU.ActiveCfg = Release|Any CPU
		{37A69BB0-81C1-4724-92F3-6BE2F8E6A56C}.Release|Any CPU.Build.0 = Release|Any CPU
		{9F19CE68-19F9-4F76-A418-050BF68E12D9}.Debug|Any CPU.ActiveCfg = Debug|Any CPU
		{9F19CE68-19F9-4F76-A418-050BF68E12D9}.Debug|Any CPU.Build.0 = Debug|Any CPU
		{9F19CE68-19F9-4F76-A418-050BF68E12D9}.Release|Any CPU.ActiveCfg = Release|Any CPU
		{9F19CE68-19F9-4F76-A418-050BF68E12D9}.Release|Any CPU.Build.0 = Release|Any CPU
		{6EBBDA55-A55D-4154-89CF-637DAB38FFCF}.Debug|Any CPU.ActiveCfg = Debug|Any CPU
		{6EBBDA55-A55D-4154-89CF-637DAB38FFCF}.Debug|Any CPU.Build.0 = Debug|Any CPU
		{6EBBDA55-A55D-4154-89CF-637DAB38FFCF}.Release|Any CPU.ActiveCfg = Release|Any CPU
		{6EBBDA55-A55D-4154-89CF-637DAB38FFCF}.Release|Any CPU.Build.0 = Release|Any CPU
		{22E6AF87-0FD6-4F56-96FA-6630594ECD8E}.Debug|Any CPU.ActiveCfg = Debug|Any CPU
		{22E6AF87-0FD6-4F56-96FA-6630594ECD8E}.Debug|Any CPU.Build.0 = Debug|Any CPU
		{22E6AF87-0FD6-4F56-96FA-6630594ECD8E}.Release|Any CPU.ActiveCfg = Release|Any CPU
		{22E6AF87-0FD6-4F56-96FA-6630594ECD8E}.Release|Any CPU.Build.0 = Release|Any CPU
		{517DEBAA-B9EA-45A7-93F7-C08FED07BDA3}.Debug|Any CPU.ActiveCfg = Debug|Any CPU
		{517DEBAA-B9EA-45A7-93F7-C08FED07BDA3}.Debug|Any CPU.Build.0 = Debug|Any CPU
		{517DEBAA-B9EA-45A7-93F7-C08FED07BDA3}.Release|Any CPU.ActiveCfg = Release|Any CPU
		{517DEBAA-B9EA-45A7-93F7-C08FED07BDA3}.Release|Any CPU.Build.0 = Release|Any CPU
	EndGlobalSection
	GlobalSection(SolutionProperties) = preSolution
		HideSolutionNode = FALSE
	EndGlobalSection
	GlobalSection(NestedProjects) = preSolution
		{37A69BB0-81C1-4724-92F3-6BE2F8E6A56C} = {FABC52E6-B448-4E78-B723-F61F053CD492}
		{9F19CE68-19F9-4F76-A418-050BF68E12D9} = {FABC52E6-B448-4E78-B723-F61F053CD492}
		{6EBBDA55-A55D-4154-89CF-637DAB38FFCF} = {FABC52E6-B448-4E78-B723-F61F053CD492}
		{22E6AF87-0FD6-4F56-96FA-6630594ECD8E} = {FABC52E6-B448-4E78-B723-F61F053CD492}
		{517DEBAA-B9EA-45A7-93F7-C08FED07BDA3} = {FABC52E6-B448-4E78-B723-F61F053CD492}
	EndGlobalSection
EndGlobal
